// !$*UTF8*$!
{
	archiveVersion = 1;
	classes = {
	};
	objectVersion = 51;
	objects = {

/* Begin PBXBuildFile section */
		7667175BAE9088E725D50664 /* Pods_LottieAnimation.framework in Frameworks */ = {isa = PBXBuildFile; fileRef = 950A899CDD817C715D95155B /* Pods_LottieAnimation.framework */; };
		B90E32B1254FC4BB00947AB3 /* AppDelegate.swift in Sources */ = {isa = PBXBuildFile; fileRef = B90E32B0254FC4BB00947AB3 /* AppDelegate.swift */; };
		B90E32B3254FC4BB00947AB3 /* SceneDelegate.swift in Sources */ = {isa = PBXBuildFile; fileRef = B90E32B2254FC4BB00947AB3 /* SceneDelegate.swift */; };
		B90E32B5254FC4BB00947AB3 /* MainViewController.swift in Sources */ = {isa = PBXBuildFile; fileRef = B90E32B4254FC4BB00947AB3 /* MainViewController.swift */; };
		B90E32B8254FC4BB00947AB3 /* Main.storyboard in Resources */ = {isa = PBXBuildFile; fileRef = B90E32B6254FC4BB00947AB3 /* Main.storyboard */; };
		B90E32BA254FC4BD00947AB3 /* Assets.xcassets in Resources */ = {isa = PBXBuildFile; fileRef = B90E32B9254FC4BD00947AB3 /* Assets.xcassets */; };
		B90E32BD254FC4BD00947AB3 /* LaunchScreen.storyboard in Resources */ = {isa = PBXBuildFile; fileRef = B90E32BB254FC4BD00947AB3 /* LaunchScreen.storyboard */; };
		B90E32CB254FCA4B00947AB3 /* 36348-haunted-bag-01.json in Resources */ = {isa = PBXBuildFile; fileRef = B90E32CA254FCA4B00947AB3 /* 36348-haunted-bag-01.json */; };
		B90E32D2254FD4E900947AB3 /* screenshot1.png in Resources */ = {isa = PBXBuildFile; fileRef = B90E32D0254FD4E900947AB3 /* screenshot1.png */; };
		B90E32D3254FD4E900947AB3 /* screenshot2.png in Resources */ = {isa = PBXBuildFile; fileRef = B90E32D1254FD4E900947AB3 /* screenshot2.png */; };
/* End PBXBuildFile section */

/* Begin PBXFileReference section */
		891A00B9E4FB310208EC98F1 /* Pods-LottieAnimation.release.xcconfig */ = {isa = PBXFileReference; includeInIndex = 1; lastKnownFileType = text.xcconfig; name = "Pods-LottieAnimation.release.xcconfig"; path = "Target Support Files/Pods-LottieAnimation/Pods-LottieAnimation.release.xcconfig"; sourceTree = "<group>"; };
		950A899CDD817C715D95155B /* Pods_LottieAnimation.framework */ = {isa = PBXFileReference; explicitFileType = wrapper.framework; includeInIndex = 0; path = Pods_LottieAnimation.framework; sourceTree = BUILT_PRODUCTS_DIR; };
		9C6116ACBD90F9B9010A7003 /* Pods-LottieAnimation.debug.xcconfig */ = {isa = PBXFileReference; includeInIndex = 1; lastKnownFileType = text.xcconfig; name = "Pods-LottieAnimation.debug.xcconfig"; path = "Target Support Files/Pods-LottieAnimation/Pods-LottieAnimation.debug.xcconfig"; sourceTree = "<group>"; };
		B90E32AD254FC4BB00947AB3 /* LottieAnimation.app */ = {isa = PBXFileReference; explicitFileType = wrapper.application; includeInIndex = 0; path = LottieAnimation.app; sourceTree = BUILT_PRODUCTS_DIR; };
		B90E32B0254FC4BB00947AB3 /* AppDelegate.swift */ = {isa = PBXFileReference; lastKnownFileType = sourcecode.swift; path = AppDelegate.swift; sourceTree = "<group>"; };
		B90E32B2254FC4BB00947AB3 /* SceneDelegate.swift */ = {isa = PBXFileReference; lastKnownFileType = sourcecode.swift; path = SceneDelegate.swift; sourceTree = "<group>"; };
		B90E32B4254FC4BB00947AB3 /* MainViewController.swift */ = {isa = PBXFileReference; lastKnownFileType = sourcecode.swift; path = MainViewController.swift; sourceTree = "<group>"; };
		B90E32B7254FC4BB00947AB3 /* Base */ = {isa = PBXFileReference; lastKnownFileType = file.storyboard; name = Base; path = Base.lproj/Main.storyboard; sourceTree = "<group>"; };
		B90E32B9254FC4BD00947AB3 /* Assets.xcassets */ = {isa = PBXFileReference; lastKnownFileType = folder.assetcatalog; path = Assets.xcassets; sourceTree = "<group>"; };
		B90E32BC254FC4BD00947AB3 /* Base */ = {isa = PBXFileReference; lastKnownFileType = file.storyboard; name = Base; path = Base.lproj/LaunchScreen.storyboard; sourceTree = "<group>"; };
		B90E32BE254FC4BD00947AB3 /* Info.plist */ = {isa = PBXFileReference; lastKnownFileType = text.plist.xml; path = Info.plist; sourceTree = "<group>"; };
		B90E32CA254FCA4B00947AB3 /* 36348-haunted-bag-01.json */ = {isa = PBXFileReference; fileEncoding = 4; lastKnownFileType = text.json; path = "36348-haunted-bag-01.json"; sourceTree = "<group>"; };
		B90E32D0254FD4E900947AB3 /* screenshot1.png */ = {isa = PBXFileReference; lastKnownFileType = image.png; path = screenshot1.png; sourceTree = "<group>"; };
		B90E32D1254FD4E900947AB3 /* screenshot2.png */ = {isa = PBXFileReference; lastKnownFileType = image.png; path = screenshot2.png; sourceTree = "<group>"; };
/* End PBXFileReference section */

/* Begin PBXFrameworksBuildPhase section */
		B90E32AA254FC4BB00947AB3 /* Frameworks */ = {
			isa = PBXFrameworksBuildPhase;
			buildActionMask = 2147483647;
			files = (
				7667175BAE9088E725D50664 /* Pods_LottieAnimation.framework in Frameworks */,
			);
			runOnlyForDeploymentPostprocessing = 0;
		};
/* End PBXFrameworksBuildPhase section */

/* Begin PBXGroup section */
		0116143C6ED1DACE90F40DF2 /* Frameworks */ = {
			isa = PBXGroup;
			children = (
				950A899CDD817C715D95155B /* Pods_LottieAnimation.framework */,
			);
			name = Frameworks;
			sourceTree = "<group>";
		};
		64FD13F982B92A07791F7B24 /* Pods */ = {
			isa = PBXGroup;
			children = (
				9C6116ACBD90F9B9010A7003 /* Pods-LottieAnimation.debug.xcconfig */,
				891A00B9E4FB310208EC98F1 /* Pods-LottieAnimation.release.xcconfig */,
			);
			path = Pods;
			sourceTree = "<group>";
		};
		B90E32A4254FC4BB00947AB3 = {
			isa = PBXGroup;
			children = (
				B90E32AF254FC4BB00947AB3 /* LottieAnimation */,
				B90E32AE254FC4BB00947AB3 /* Products */,
				64FD13F982B92A07791F7B24 /* Pods */,
				0116143C6ED1DACE90F40DF2 /* Frameworks */,
			);
			sourceTree = "<group>";
		};
		B90E32AE254FC4BB00947AB3 /* Products */ = {
			isa = PBXGroup;
			children = (
				B90E32AD254FC4BB00947AB3 /* LottieAnimation.app */,
			);
			name = Products;
			sourceTree = "<group>";
		};
		B90E32AF254FC4BB00947AB3 /* LottieAnimation */ = {
			isa = PBXGroup;
			children = (
				B90E32D0254FD4E900947AB3 /* screenshot1.png */,
				B90E32D1254FD4E900947AB3 /* screenshot2.png */,
				B90E32C5254FC4D600947AB3 /* ViewControllers */,
				B90E32B0254FC4BB00947AB3 /* AppDelegate.swift */,
				B90E32B2254FC4BB00947AB3 /* SceneDelegate.swift */,
				B90E32B6254FC4BB00947AB3 /* Main.storyboard */,
				B90E32B9254FC4BD00947AB3 /* Assets.xcassets */,
				B90E32BB254FC4BD00947AB3 /* LaunchScreen.storyboard */,
				B90E32BE254FC4BD00947AB3 /* Info.plist */,
			);
			path = LottieAnimation;
			sourceTree = "<group>";
		};
		B90E32C5254FC4D600947AB3 /* ViewControllers */ = {
			isa = PBXGroup;
			children = (
				B90E32CA254FCA4B00947AB3 /* 36348-haunted-bag-01.json */,
				B90E32B4254FC4BB00947AB3 /* MainViewController.swift */,
			);
			path = ViewControllers;
			sourceTree = "<group>";
		};
/* End PBXGroup section */

/* Begin PBXNativeTarget section */
		B90E32AC254FC4BB00947AB3 /* LottieAnimation */ = {
			isa = PBXNativeTarget;
			buildConfigurationList = B90E32C1254FC4BD00947AB3 /* Build configuration list for PBXNativeTarget "LottieAnimation" */;
			buildPhases = (
				D06B064A7B9FAEC39ED14444 /* [CP] Check Pods Manifest.lock */,
				B90E32A9254FC4BB00947AB3 /* Sources */,
				B90E32AA254FC4BB00947AB3 /* Frameworks */,
				B90E32AB254FC4BB00947AB3 /* Resources */,
				48A92FE0D6E4F9C94485BC70 /* [CP] Embed Pods Frameworks */,
			);
			buildRules = (
			);
			dependencies = (
			);
			name = LottieAnimation;
			productName = LottieAnimation;
			productReference = B90E32AD254FC4BB00947AB3 /* LottieAnimation.app */;
			productType = "com.apple.product-type.application";
		};
/* End PBXNativeTarget section */

/* Begin PBXProject section */
		B90E32A5254FC4BB00947AB3 /* Project object */ = {
			isa = PBXProject;
			attributes = {
				LastSwiftUpdateCheck = 1210;
				LastUpgradeCheck = 1210;
				TargetAttributes = {
					B90E32AC254FC4BB00947AB3 = {
						CreatedOnToolsVersion = 12.1;
					};
				};
			};
			buildConfigurationList = B90E32A8254FC4BB00947AB3 /* Build configuration list for PBXProject "LottieAnimation" */;
			compatibilityVersion = "Xcode 9.3";
			developmentRegion = en;
			hasScannedForEncodings = 0;
			knownRegions = (
				en,
				Base,
			);
			mainGroup = B90E32A4254FC4BB00947AB3;
			productRefGroup = B90E32AE254FC4BB00947AB3 /* Products */;
			projectDirPath = "";
			projectRoot = "";
			targets = (
				B90E32AC254FC4BB00947AB3 /* LottieAnimation */,
			);
		};
/* End PBXProject section */

/* Begin PBXResourcesBuildPhase section */
		B90E32AB254FC4BB00947AB3 /* Resources */ = {
			isa = PBXResourcesBuildPhase;
			buildActionMask = 2147483647;
			files = (
				B90E32D3254FD4E900947AB3 /* screenshot2.png in Resources */,
				B90E32CB254FCA4B00947AB3 /* 36348-haunted-bag-01.json in Resources */,
				B90E32BD254FC4BD00947AB3 /* LaunchScreen.storyboard in Resources */,
				B90E32BA254FC4BD00947AB3 /* Assets.xcassets in Resources */,
				B90E32B8254FC4BB00947AB3 /* Main.storyboard in Resources */,
				B90E32D2254FD4E900947AB3 /* screenshot1.png in Resources */,
			);
			runOnlyForDeploymentPostprocessing = 0;
		};
/* End PBXResourcesBuildPhase section */

/* Begin PBXShellScriptBuildPhase section */
		48A92FE0D6E4F9C94485BC70 /* [CP] Embed Pods Frameworks */ = {
			isa = PBXShellScriptBuildPhase;
			buildActionMask = 2147483647;
			files = (
			);
			inputFileListPaths = (
				"${PODS_ROOT}/Target Support Files/Pods-LottieAnimation/Pods-LottieAnimation-frameworks-${CONFIGURATION}-input-files.xcfilelist",
			);
			name = "[CP] Embed Pods Frameworks";
			outputFileListPaths = (
				"${PODS_ROOT}/Target Support Files/Pods-LottieAnimation/Pods-LottieAnimation-frameworks-${CONFIGURATION}-output-files.xcfilelist",
			);
			runOnlyForDeploymentPostprocessing = 0;
			shellPath = /bin/sh;
			shellScript = "\"${PODS_ROOT}/Target Support Files/Pods-LottieAnimation/Pods-LottieAnimation-frameworks.sh\"\n";
			showEnvVarsInLog = 0;
		};
		D06B064A7B9FAEC39ED14444 /* [CP] Check Pods Manifest.lock */ = {
			isa = PBXShellScriptBuildPhase;
			buildActionMask = 2147483647;
			files = (
			);
			inputFileListPaths = (
			);
			inputPaths = (
				"${PODS_PODFILE_DIR_PATH}/Podfile.lock",
				"${PODS_ROOT}/Manifest.lock",
			);
			name = "[CP] Check Pods Manifest.lock";
			outputFileListPaths = (
			);
			outputPaths = (
				"$(DERIVED_FILE_DIR)/Pods-LottieAnimation-checkManifestLockResult.txt",
			);
			runOnlyForDeploymentPostprocessing = 0;
			shellPath = /bin/sh;
			shellScript = "diff \"${PODS_PODFILE_DIR_PATH}/Podfile.lock\" \"${PODS_ROOT}/Manifest.lock\" > /dev/null\nif [ $? != 0 ] ; then\n    # print error to STDERR\n    echo \"error: The sandbox is not in sync with the Podfile.lock. Run 'pod install' or update your CocoaPods installation.\" >&2\n    exit 1\nfi\n# This output is used by Xcode 'outputs' to avoid re-running this script phase.\necho \"SUCCESS\" > \"${SCRIPT_OUTPUT_FILE_0}\"\n";
			showEnvVarsInLog = 0;
		};
/* End PBXShellScriptBuildPhase section */

/* Begin PBXSourcesBuildPhase section */
		B90E32A9254FC4BB00947AB3 /* Sources */ = {
			isa = PBXSourcesBuildPhase;
			buildActionMask = 2147483647;
			files = (
				B90E32B5254FC4BB00947AB3 /* MainViewController.swift in Sources */,
				B90E32B1254FC4BB00947AB3 /* AppDelegate.swift in Sources */,
				B90E32B3254FC4BB00947AB3 /* SceneDelegate.swift in Sources */,
			);
			runOnlyForDeploymentPostprocessing = 0;
		};
/* End PBXSourcesBuildPhase section */

/* Begin PBXVariantGroup section */
		B90E32B6254FC4BB00947AB3 /* Main.storyboard */ = {
			isa = PBXVariantGroup;
			children = (
				B90E32B7254FC4BB00947AB3 /* Base */,
			);
			name = Main.storyboard;
			sourceTree = "<group>";
		};
		B90E32BB254FC4BD00947AB3 /* LaunchScreen.storyboard */ = {
			isa = PBXVariantGroup;
			children = (
				B90E32BC254FC4BD00947AB3 /* Base */,
			);
			name = LaunchScreen.storyboard;
			sourceTree = "<group>";
		};
/* End PBXVariantGroup section */

/* Begin XCBuildConfiguration section */
		B90E32BF254FC4BD00947AB3 /* Debug */ = {
			isa = XCBuildConfiguration;
			buildSettings = {
				ALWAYS_SEARCH_USER_PATHS = NO;
				CLANG_ANALYZER_NONNULL = YES;
				CLANG_ANALYZER_NUMBER_OBJECT_CONVERSION = YES_AGGRESSIVE;
				CLANG_CXX_LANGUAGE_STANDARD = "gnu++14";
				CLANG_CXX_LIBRARY = "libc++";
				CLANG_ENABLE_MODULES = YES;
				CLANG_ENABLE_OBJC_ARC = YES;
				CLANG_ENABLE_OBJC_WEAK = YES;
				CLANG_WARN_BLOCK_CAPTURE_AUTORELEASING = YES;
				CLANG_WARN_BOOL_CONVERSION = YES;
				CLANG_WARN_COMMA = YES;
				CLANG_WARN_CONSTANT_CONVERSION = YES;
				CLANG_WARN_DEPRECATED_OBJC_IMPLEMENTATIONS = YES;
				CLANG_WARN_DIRECT_OBJC_ISA_USAGE = YES_ERROR;
				CLANG_WARN_DOCUMENTATION_COMMENTS = YES;
				CLANG_WARN_EMPTY_BODY = YES;
				CLANG_WARN_ENUM_CONVERSION = YES;
				CLANG_WARN_INFINITE_RECURSION = YES;
				CLANG_WARN_INT_CONVERSION = YES;
				CLANG_WARN_NON_LITERAL_NULL_CONVERSION = YES;
				CLANG_WARN_OBJC_IMPLICIT_RETAIN_SELF = YES;
				CLANG_WARN_OBJC_LITERAL_CONVERSION = YES;
				CLANG_WARN_OBJC_ROOT_CLASS = YES_ERROR;
				CLANG_WARN_QUOTED_INCLUDE_IN_FRAMEWORK_HEADER = YES;
				CLANG_WARN_RANGE_LOOP_ANALYSIS = YES;
				CLANG_WARN_STRICT_PROTOTYPES = YES;
				CLANG_WARN_SUSPICIOUS_MOVE = YES;
				CLANG_WARN_UNGUARDED_AVAILABILITY = YES_AGGRESSIVE;
				CLANG_WARN_UNREACHABLE_CODE = YES;
				CLANG_WARN__DUPLICATE_METHOD_MATCH = YES;
				COPY_PHASE_STRIP = NO;
				DEBUG_INFORMATION_FORMAT = dwarf;
				ENABLE_STRICT_OBJC_MSGSEND = YES;
				ENABLE_TESTABILITY = YES;
				GCC_C_LANGUAGE_STANDARD = gnu11;
				GCC_DYNAMIC_NO_PIC = NO;
				GCC_NO_COMMON_BLOCKS = YES;
				GCC_OPTIMIZATION_LEVEL = 0;
				GCC_PREPROCESSOR_DEFINITIONS = (
					"DEBUG=1",
					"$(inherited)",
				);
				GCC_WARN_64_TO_32_BIT_CONVERSION = YES;
				GCC_WARN_ABOUT_RETURN_TYPE = YES_ERROR;
				GCC_WARN_UNDECLARED_SELECTOR = YES;
				GCC_WARN_UNINITIALIZED_AUTOS = YES_AGGRESSIVE;
				GCC_WARN_UNUSED_FUNCTION = YES;
				GCC_WARN_UNUSED_VARIABLE = YES;
				IPHONEOS_DEPLOYMENT_TARGET = 14.1;
				MTL_ENABLE_DEBUG_INFO = INCLUDE_SOURCE;
				MTL_FAST_MATH = YES;
				ONLY_ACTIVE_ARCH = YES;
				SDKROOT = iphoneos;
				SWIFT_ACTIVE_COMPILATION_CONDITIONS = DEBUG;
				SWIFT_OPTIMIZATION_LEVEL = "-Onone";
			};
			name = Debug;
		};
		B90E32C0254FC4BD00947AB3 /* Release */ = {
			isa = XCBuildConfiguration;
			buildSettings = {
				ALWAYS_SEARCH_USER_PATHS = NO;
				CLANG_ANALYZER_NONNULL = YES;
				CLANG_ANALYZER_NUMBER_OBJECT_CONVERSION = YES_AGGRESSIVE;
				CLANG_CXX_LANGUAGE_STANDARD = "gnu++14";
				CLANG_CXX_LIBRARY = "libc++";
				CLANG_ENABLE_MODULES = YES;
				CLANG_ENABLE_OBJC_ARC = YES;
				CLANG_ENABLE_OBJC_WEAK = YES;
				CLANG_WARN_BLOCK_CAPTURE_AUTORELEASING = YES;
				CLANG_WARN_BOOL_CONVERSION = YES;
				CLANG_WARN_COMMA = YES;
				CLANG_WARN_CONSTANT_CONVERSION = YES;
				CLANG_WARN_DEPRECATED_OBJC_IMPLEMENTATIONS = YES;
				CLANG_WARN_DIRECT_OBJC_ISA_USAGE = YES_ERROR;
				CLANG_WARN_DOCUMENTATION_COMMENTS = YES;
				CLANG_WARN_EMPTY_BODY = YES;
				CLANG_WARN_ENUM_CONVERSION = YES;
				CLANG_WARN_INFINITE_RECURSION = YES;
				CLANG_WARN_INT_CONVERSION = YES;
				CLANG_WARN_NON_LITERAL_NULL_CONVERSION = YES;
				CLANG_WARN_OBJC_IMPLICIT_RETAIN_SELF = YES;
				CLANG_WARN_OBJC_LITERAL_CONVERSION = YES;
				CLANG_WARN_OBJC_ROOT_CLASS = YES_ERROR;
				CLANG_WARN_QUOTED_INCLUDE_IN_FRAMEWORK_HEADER = YES;
				CLANG_WARN_RANGE_LOOP_ANALYSIS = YES;
				CLANG_WARN_STRICT_PROTOTYPES = YES;
				CLANG_WARN_SUSPICIOUS_MOVE = YES;
				CLANG_WARN_UNGUARDED_AVAILABILITY = YES_AGGRESSIVE;
				CLANG_WARN_UNREACHABLE_CODE = YES;
				CLANG_WARN__DUPLICATE_METHOD_MATCH = YES;
				COPY_PHASE_STRIP = NO;
				DEBUG_INFORMATION_FORMAT = "dwarf-with-dsym";
				ENABLE_NS_ASSERTIONS = NO;
				ENABLE_STRICT_OBJC_MSGSEND = YES;
				GCC_C_LANGUAGE_STANDARD = gnu11;
				GCC_NO_COMMON_BLOCKS = YES;
				GCC_WARN_64_TO_32_BIT_CONVERSION = YES;
				GCC_WARN_ABOUT_RETURN_TYPE = YES_ERROR;
				GCC_WARN_UNDECLARED_SELECTOR = YES;
				GCC_WARN_UNINITIALIZED_AUTOS = YES_AGGRESSIVE;
				GCC_WARN_UNUSED_FUNCTION = YES;
				GCC_WARN_UNUSED_VARIABLE = YES;
				IPHONEOS_DEPLOYMENT_TARGET = 14.1;
				MTL_ENABLE_DEBUG_INFO = NO;
				MTL_FAST_MATH = YES;
				SDKROOT = iphoneos;
				SWIFT_COMPILATION_MODE = wholemodule;
				SWIFT_OPTIMIZATION_LEVEL = "-O";
				VALIDATE_PRODUCT = YES;
			};
			name = Release;
		};
		B90E32C2254FC4BD00947AB3 /* Debug */ = {
			isa = XCBuildConfiguration;
			baseConfigurationReference = 9C6116ACBD90F9B9010A7003 /* Pods-LottieAnimation.debug.xcconfig */;
			buildSettings = {
				ASSETCATALOG_COMPILER_APPICON_NAME = AppIcon;
				ASSETCATALOG_COMPILER_GLOBAL_ACCENT_COLOR_NAME = AccentColor;
				CODE_SIGN_STYLE = Automatic;
				INFOPLIST_FILE = LottieAnimation/Info.plist;
				LD_RUNPATH_SEARCH_PATHS = (
					"$(inherited)",
					"@executable_path/Frameworks",
				);
				PRODUCT_BUNDLE_IDENTIFIER = com.wjapp.LottieAnimation;
				PRODUCT_NAME = "$(TARGET_NAME)";
				SWIFT_VERSION = 5.0;
				TARGETED_DEVICE_FAMILY = "1,2";
			};
			name = Debug;
		};
		B90E32C3254FC4BD00947AB3 /* Release */ = {
			isa = XCBuildConfiguration;
			baseConfigurationReference = 891A00B9E4FB310208EC98F1 /* Pods-LottieAnimation.release.xcconfig */;
			buildSettings = {
				ASSETCATALOG_COMPILER_APPICON_NAME = AppIcon;
				ASSETCATALOG_COMPILER_GLOBAL_ACCENT_COLOR_NAME = AccentColor;
				CODE_SIGN_STYLE = Automatic;
				INFOPLIST_FILE = LottieAnimation/Info.plist;
				LD_RUNPATH_SEARCH_PATHS = (
					"$(inherited)",
					"@executable_path/Frameworks",
				);
				PRODUCT_BUNDLE_IDENTIFIER = com.wjapp.LottieAnimation;
				PRODUCT_NAME = "$(TARGET_NAME)";
				SWIFT_VERSION = 5.0;
				TARGETED_DEVICE_FAMILY = "1,2";
			};
			name = Release;
		};
/* End XCBuildConfiguration section */

/* Begin XCConfigurationList section */
		B90E32A8254FC4BB00947AB3 /* Build configuration list for PBXProject "LottieAnimation" */ = {
			isa = XCConfigurationList;
			buildConfigurations = (
				B90E32BF254FC4BD00947AB3 /* Debug */,
				B90E32C0254FC4BD00947AB3 /* Release */,
			);
			defaultConfigurationIsVisible = 0;
			defaultConfigurationName = Release;
		};
		B90E32C1254FC4BD00947AB3 /* Build configuration list for PBXNativeTarget "LottieAnimation" */ = {
			isa = XCConfigurationList;
			buildConfigurations = (
				B90E32C2254FC4BD00947AB3 /* Debug */,
				B90E32C3254FC4BD00947AB3 /* Release */,
			);
			defaultConfigurationIsVisible = 0;
			defaultConfigurationName = Release;
		};
/* End XCConfigurationList section */
	};
	rootObject = B90E32A5254FC4BB00947AB3 /* Project object */;
}
